
Microsoft Visual Studio Solution File, Format Version 12.00
# Visual Studio Version 16
VisualStudioVersion = 16.0.31402.337
MinimumVisualStudioVersion = 10.0.40219.1
Project("{FAE04EC0-301F-11D3-BF4B-00C04F79EFBC}") = "IncursionScraper", "IncursionScraper.csproj", "{FF5540AB-B0A0-4BDD-84B5-8189D1B29EFE}"
EndProject
Global
	GlobalSection(SolutionConfigurationPlatforms) = preSolution
		Debug|Any CPU = Debug|Any CPU
		Release|Any CPU = Release|Any CPU
	EndGlobalSection
	GlobalSection(ProjectConfigurationPlatforms) = postSolution
		{FF5540AB-B0A0-4BDD-84B5-8189D1B29EFE}.Debug|Any CPU.ActiveCfg = Debug|Any CPU
		{FF5540AB-B0A0-4BDD-84B5-8189D1B29EFE}.Debug|Any CPU.Build.0 = Debug|Any CPU
		{FF5540AB-B0A0-4BDD-84B5-8189D1B29EFE}.Release|Any CPU.ActiveCfg = Release|Any CPU
		{FF5540AB-B0A0-4BDD-84B5-8189D1B29EFE}.Release|Any CPU.Build.0 = Release|Any CPU
	EndGlobalSection
	GlobalSection(SolutionProperties) = preSolution
		HideSolutionNode = FALSE
	EndGlobalSection
	GlobalSection(ExtensibilityGlobals) = postSolution
		SolutionGuid = {92CCA70D-69B5-47E2-8F13-E30637F31D61}
	EndGlobalSection
EndGlobal
